
Microsoft Visual Studio Solution File, Format Version 12.00
# Visual Studio 15
VisualStudioVersion = 15.0.27130.0
MinimumVisualStudioVersion = 10.0.40219.1
Project("{FAE04EC0-301F-11D3-BF4B-00C04F79EFBC}") = "IISExample", "IISExample\IISExample.csproj", "{6E34C0E7-172C-4A36-B6D3-DA4972E3EF49}"
EndProject
Project("{FAE04EC0-301F-11D3-BF4B-00C04F79EFBC}") = "HttpListenerExample", "HttpListenerExample\HttpListenerExample.csproj", "{96A1EDF6-F45F-4390-BBD5-924861F3156C}"
EndProject
Global
	GlobalSection(SolutionConfigurationPlatforms) = preSolution
		Debug|Any CPU = Debug|Any CPU
		Release|Any CPU = Release|Any CPU
	EndGlobalSection
	GlobalSection(ProjectConfigurationPlatforms) = postSolution
		{6E34C0E7-172C-4A36-B6D3-DA4972E3EF49}.Debug|Any CPU.ActiveCfg = Debug|Any CPU
		{6E34C0E7-172C-4A36-B6D3-DA4972E3EF49}.Debug|Any CPU.Build.0 = Debug|Any CPU
		{6E34C0E7-172C-4A36-B6D3-DA4972E3EF49}.Release|Any CPU.ActiveCfg = Release|Any CPU
		{6E34C0E7-172C-4A36-B6D3-DA4972E3EF49}.Release|Any CPU.Build.0 = Release|Any CPU
		{96A1EDF6-F45F-4390-BBD5-924861F3156C}.Debug|Any CPU.ActiveCfg = Debug|Any CPU
		{96A1EDF6-F45F-4390-BBD5-924861F3156C}.Debug|Any CPU.Build.0 = Debug|Any CPU
		{96A1EDF6-F45F-4390-BBD5-924861F3156C}.Release|Any CPU.ActiveCfg = Release|Any CPU
		{96A1EDF6-F45F-4390-BBD5-924861F3156C}.Release|Any CPU.Build.0 = Release|Any CPU
	EndGlobalSection
	GlobalSection(SolutionProperties) = preSolution
		HideSolutionNode = FALSE
	EndGlobalSection
	GlobalSection(ExtensibilityGlobals) = postSolution
		SolutionGuid = {1AEACC66-4ADF-4E8E-973D-506D9B07E7BB}
	EndGlobalSection
EndGlobal
